// !$*UTF8*$!
{
	archiveVersion = 1;
	classes = {
	};
	objectVersion = 46;
	objects = {

/* Begin PBXBuildFile section */
		9C6835461E341BD50043838F /* AppDelegate.swift in Sources */ = {isa = PBXBuildFile; fileRef = 9C6835451E341BD50043838F /* AppDelegate.swift */; };
		9C6835481E341BD50043838F /* ViewController.swift in Sources */ = {isa = PBXBuildFile; fileRef = 9C6835471E341BD50043838F /* ViewController.swift */; };
		9C68354B1E341BD50043838F /* Main.storyboard in Resources */ = {isa = PBXBuildFile; fileRef = 9C6835491E341BD50043838F /* Main.storyboard */; };
		9C68354D1E341BD50043838F /* Assets.xcassets in Resources */ = {isa = PBXBuildFile; fileRef = 9C68354C1E341BD50043838F /* Assets.xcassets */; };
		9C6835501E341BD50043838F /* LaunchScreen.storyboard in Resources */ = {isa = PBXBuildFile; fileRef = 9C68354E1E341BD50043838F /* LaunchScreen.storyboard */; };
		9C68355B1E341BD50043838F /* TelestrateTests.swift in Sources */ = {isa = PBXBuildFile; fileRef = 9C68355A1E341BD50043838F /* TelestrateTests.swift */; };
		9C6835661E341BD50043838F /* TelestrateUITests.swift in Sources */ = {isa = PBXBuildFile; fileRef = 9C6835651E341BD50043838F /* TelestrateUITests.swift */; };
		9C8B040D1E37BAA70061A49C /* HostController.swift in Sources */ = {isa = PBXBuildFile; fileRef = 9C8B040C1E37BAA70061A49C /* HostController.swift */; };
		9C8B040F1E37BAF50061A49C /* JoinController.swift in Sources */ = {isa = PBXBuildFile; fileRef = 9C8B040E1E37BAF50061A49C /* JoinController.swift */; };
		9C8B04111E37BEED0061A49C /* ConnectionManager.swift in Sources */ = {isa = PBXBuildFile; fileRef = 9C8B04101E37BEED0061A49C /* ConnectionManager.swift */; };
		9C8B04131E37DD800061A49C /* MCPeerID+Reusable.swift in Sources */ = {isa = PBXBuildFile; fileRef = 9C8B04121E37DD800061A49C /* MCPeerID+Reusable.swift */; };
		9C8B04151E3862580061A49C /* Settings.swift in Sources */ = {isa = PBXBuildFile; fileRef = 9C8B04141E3862580061A49C /* Settings.swift */; };
		9C9F98FD1E38767800149E2D /* Backup.swift in Sources */ = {isa = PBXBuildFile; fileRef = 9C9F98FC1E38767800149E2D /* Backup.swift */; };
		9C9F98FF1E38824700149E2D /* JoinManager.swift in Sources */ = {isa = PBXBuildFile; fileRef = 9C9F98FE1E38824700149E2D /* JoinManager.swift */; };
		9C9F99011E3885E300149E2D /* Tools.swift in Sources */ = {isa = PBXBuildFile; fileRef = 9C9F99001E3885E300149E2D /* Tools.swift */; };
		9C9F99031E388AA900149E2D /* HostManager.swift in Sources */ = {isa = PBXBuildFile; fileRef = 9C9F99021E388AA900149E2D /* HostManager.swift */; };
		9C9F99091E388F5200149E2D /* OtherManager.swift in Sources */ = {isa = PBXBuildFile; fileRef = 9C9F99081E388F5200149E2D /* OtherManager.swift */; };
/* End PBXBuildFile section */

/* Begin PBXContainerItemProxy section */
		9C6835571E341BD50043838F /* PBXContainerItemProxy */ = {
			isa = PBXContainerItemProxy;
			containerPortal = 9C68353A1E341BD50043838F /* Project object */;
			proxyType = 1;
			remoteGlobalIDString = 9C6835411E341BD50043838F;
			remoteInfo = Telestrate;
		};
		9C6835621E341BD50043838F /* PBXContainerItemProxy */ = {
			isa = PBXContainerItemProxy;
			containerPortal = 9C68353A1E341BD50043838F /* Project object */;
			proxyType = 1;
			remoteGlobalIDString = 9C6835411E341BD50043838F;
			remoteInfo = Telestrate;
		};
/* End PBXContainerItemProxy section */

/* Begin PBXFileReference section */
		9C6835421E341BD50043838F /* Telestrate.app */ = {isa = PBXFileReference; explicitFileType = wrapper.application; includeInIndex = 0; path = Telestrate.app; sourceTree = BUILT_PRODUCTS_DIR; };
		9C6835451E341BD50043838F /* AppDelegate.swift */ = {isa = PBXFileReference; lastKnownFileType = sourcecode.swift; path = AppDelegate.swift; sourceTree = "<group>"; };
		9C6835471E341BD50043838F /* ViewController.swift */ = {isa = PBXFileReference; lastKnownFileType = sourcecode.swift; path = ViewController.swift; sourceTree = "<group>"; };
		9C68354A1E341BD50043838F /* Base */ = {isa = PBXFileReference; lastKnownFileType = file.storyboard; name = Base; path = Base.lproj/Main.storyboard; sourceTree = "<group>"; };
		9C68354C1E341BD50043838F /* Assets.xcassets */ = {isa = PBXFileReference; lastKnownFileType = folder.assetcatalog; path = Assets.xcassets; sourceTree = "<group>"; };
		9C68354F1E341BD50043838F /* Base */ = {isa = PBXFileReference; lastKnownFileType = file.storyboard; name = Base; path = Base.lproj/LaunchScreen.storyboard; sourceTree = "<group>"; };
		9C6835511E341BD50043838F /* Info.plist */ = {isa = PBXFileReference; lastKnownFileType = text.plist.xml; path = Info.plist; sourceTree = "<group>"; };
		9C6835561E341BD50043838F /* TelestrateTests.xctest */ = {isa = PBXFileReference; explicitFileType = wrapper.cfbundle; includeInIndex = 0; path = TelestrateTests.xctest; sourceTree = BUILT_PRODUCTS_DIR; };
		9C68355A1E341BD50043838F /* TelestrateTests.swift */ = {isa = PBXFileReference; lastKnownFileType = sourcecode.swift; path = TelestrateTests.swift; sourceTree = "<group>"; };
		9C68355C1E341BD50043838F /* Info.plist */ = {isa = PBXFileReference; lastKnownFileType = text.plist.xml; path = Info.plist; sourceTree = "<group>"; };
		9C6835611E341BD50043838F /* TelestrateUITests.xctest */ = {isa = PBXFileReference; explicitFileType = wrapper.cfbundle; includeInIndex = 0; path = TelestrateUITests.xctest; sourceTree = BUILT_PRODUCTS_DIR; };
		9C6835651E341BD50043838F /* TelestrateUITests.swift */ = {isa = PBXFileReference; lastKnownFileType = sourcecode.swift; path = TelestrateUITests.swift; sourceTree = "<group>"; };
		9C6835671E341BD50043838F /* Info.plist */ = {isa = PBXFileReference; lastKnownFileType = text.plist.xml; path = Info.plist; sourceTree = "<group>"; };
		9C8B040C1E37BAA70061A49C /* HostController.swift */ = {isa = PBXFileReference; fileEncoding = 4; lastKnownFileType = sourcecode.swift; path = HostController.swift; sourceTree = "<group>"; };
		9C8B040E1E37BAF50061A49C /* JoinController.swift */ = {isa = PBXFileReference; fileEncoding = 4; lastKnownFileType = sourcecode.swift; path = JoinController.swift; sourceTree = "<group>"; };
		9C8B04101E37BEED0061A49C /* ConnectionManager.swift */ = {isa = PBXFileReference; fileEncoding = 4; lastKnownFileType = sourcecode.swift; path = ConnectionManager.swift; sourceTree = "<group>"; };
		9C8B04121E37DD800061A49C /* MCPeerID+Reusable.swift */ = {isa = PBXFileReference; fileEncoding = 4; lastKnownFileType = sourcecode.swift; path = "MCPeerID+Reusable.swift"; sourceTree = "<group>"; };
		9C8B04141E3862580061A49C /* Settings.swift */ = {isa = PBXFileReference; fileEncoding = 4; lastKnownFileType = sourcecode.swift; path = Settings.swift; sourceTree = "<group>"; };
		9C9F98FC1E38767800149E2D /* Backup.swift */ = {isa = PBXFileReference; fileEncoding = 4; lastKnownFileType = sourcecode.swift; path = Backup.swift; sourceTree = "<group>"; };
		9C9F98FE1E38824700149E2D /* JoinManager.swift */ = {isa = PBXFileReference; fileEncoding = 4; lastKnownFileType = sourcecode.swift; path = JoinManager.swift; sourceTree = "<group>"; };
		9C9F99001E3885E300149E2D /* Tools.swift */ = {isa = PBXFileReference; fileEncoding = 4; lastKnownFileType = sourcecode.swift; path = Tools.swift; sourceTree = "<group>"; };
		9C9F99021E388AA900149E2D /* HostManager.swift */ = {isa = PBXFileReference; fileEncoding = 4; lastKnownFileType = sourcecode.swift; path = HostManager.swift; sourceTree = "<group>"; };
		9C9F99081E388F5200149E2D /* OtherManager.swift */ = {isa = PBXFileReference; fileEncoding = 4; lastKnownFileType = sourcecode.swift; path = OtherManager.swift; sourceTree = "<group>"; };
/* End PBXFileReference section */

/* Begin PBXFrameworksBuildPhase section */
		9C68353F1E341BD50043838F /* Frameworks */ = {
			isa = PBXFrameworksBuildPhase;
			buildActionMask = 2147483647;
			files = (
			);
			runOnlyForDeploymentPostprocessing = 0;
		};
		9C6835531E341BD50043838F /* Frameworks */ = {
			isa = PBXFrameworksBuildPhase;
			buildActionMask = 2147483647;
			files = (
			);
			runOnlyForDeploymentPostprocessing = 0;
		};
		9C68355E1E341BD50043838F /* Frameworks */ = {
			isa = PBXFrameworksBuildPhase;
			buildActionMask = 2147483647;
			files = (
			);
			runOnlyForDeploymentPostprocessing = 0;
		};
/* End PBXFrameworksBuildPhase section */

/* Begin PBXGroup section */
		9C6835391E341BD50043838F = {
			isa = PBXGroup;
			children = (
				9C6835441E341BD50043838F /* Telestrate */,
				9C6835591E341BD50043838F /* TelestrateTests */,
				9C6835641E341BD50043838F /* TelestrateUITests */,
				9C6835431E341BD50043838F /* Products */,
			);
			sourceTree = "<group>";
		};
		9C6835431E341BD50043838F /* Products */ = {
			isa = PBXGroup;
			children = (
				9C6835421E341BD50043838F /* Telestrate.app */,
				9C6835561E341BD50043838F /* TelestrateTests.xctest */,
				9C6835611E341BD50043838F /* TelestrateUITests.xctest */,
			);
			name = Products;
			sourceTree = "<group>";
		};
		9C6835441E341BD50043838F /* Telestrate */ = {
			isa = PBXGroup;
			children = (
				9C6835451E341BD50043838F /* AppDelegate.swift */,
				9C6835471E341BD50043838F /* ViewController.swift */,
				9C6835491E341BD50043838F /* Main.storyboard */,
				9C9F99071E388DA200149E2D /* tools */,
				9C9F99061E388D7400149E2D /* temp */,
				9C9F99041E388D3700149E2D /* deviceConnection */,
				9C68354C1E341BD50043838F /* Assets.xcassets */,
				9C68354E1E341BD50043838F /* LaunchScreen.storyboard */,
				9C6835511E341BD50043838F /* Info.plist */,
			);
			path = Telestrate;
			sourceTree = "<group>";
		};
		9C6835591E341BD50043838F /* TelestrateTests */ = {
			isa = PBXGroup;
			children = (
				9C68355A1E341BD50043838F /* TelestrateTests.swift */,
				9C68355C1E341BD50043838F /* Info.plist */,
			);
			path = TelestrateTests;
			sourceTree = "<group>";
		};
		9C6835641E341BD50043838F /* TelestrateUITests */ = {
			isa = PBXGroup;
			children = (
				9C6835651E341BD50043838F /* TelestrateUITests.swift */,
				9C6835671E341BD50043838F /* Info.plist */,
			);
			path = TelestrateUITests;
			sourceTree = "<group>";
		};
		9C9F99041E388D3700149E2D /* deviceConnection */ = {
			isa = PBXGroup;
			children = (
				9C8B040C1E37BAA70061A49C /* HostController.swift */,
				9C9F99021E388AA900149E2D /* HostManager.swift */,
				9C8B040E1E37BAF50061A49C /* JoinController.swift */,
				9C9F98FE1E38824700149E2D /* JoinManager.swift */,
				9C9F99081E388F5200149E2D /* OtherManager.swift */,
			);
			name = deviceConnection;
			sourceTree = "<group>";
		};
		9C9F99061E388D7400149E2D /* temp */ = {
			isa = PBXGroup;
			children = (
				9C9F99001E3885E300149E2D /* Tools.swift */,
				9C9F98FC1E38767800149E2D /* Backup.swift */,
				9C8B04101E37BEED0061A49C /* ConnectionManager.swift */,
			);
			name = temp;
			sourceTree = "<group>";
		};
		9C9F99071E388DA200149E2D /* tools */ = {
			isa = PBXGroup;
			children = (
				9C8B04121E37DD800061A49C /* MCPeerID+Reusable.swift */,
				9C8B04141E3862580061A49C /* Settings.swift */,
			);
			name = tools;
			sourceTree = "<group>";
		};
/* End PBXGroup section */

/* Begin PBXNativeTarget section */
		9C6835411E341BD50043838F /* Telestrate */ = {
			isa = PBXNativeTarget;
			buildConfigurationList = 9C68356A1E341BD50043838F /* Build configuration list for PBXNativeTarget "Telestrate" */;
			buildPhases = (
				9C68353E1E341BD50043838F /* Sources */,
				9C68353F1E341BD50043838F /* Frameworks */,
				9C6835401E341BD50043838F /* Resources */,
			);
			buildRules = (
			);
			dependencies = (
			);
			name = Telestrate;
			productName = Telestrate;
			productReference = 9C6835421E341BD50043838F /* Telestrate.app */;
			productType = "com.apple.product-type.application";
		};
		9C6835551E341BD50043838F /* TelestrateTests */ = {
			isa = PBXNativeTarget;
			buildConfigurationList = 9C68356D1E341BD50043838F /* Build configuration list for PBXNativeTarget "TelestrateTests" */;
			buildPhases = (
				9C6835521E341BD50043838F /* Sources */,
				9C6835531E341BD50043838F /* Frameworks */,
				9C6835541E341BD50043838F /* Resources */,
			);
			buildRules = (
			);
			dependencies = (
				9C6835581E341BD50043838F /* PBXTargetDependency */,
			);
			name = TelestrateTests;
			productName = TelestrateTests;
			productReference = 9C6835561E341BD50043838F /* TelestrateTests.xctest */;
			productType = "com.apple.product-type.bundle.unit-test";
		};
		9C6835601E341BD50043838F /* TelestrateUITests */ = {
			isa = PBXNativeTarget;
			buildConfigurationList = 9C6835701E341BD50043838F /* Build configuration list for PBXNativeTarget "TelestrateUITests" */;
			buildPhases = (
				9C68355D1E341BD50043838F /* Sources */,
				9C68355E1E341BD50043838F /* Frameworks */,
				9C68355F1E341BD50043838F /* Resources */,
			);
			buildRules = (
			);
			dependencies = (
				9C6835631E341BD50043838F /* PBXTargetDependency */,
			);
			name = TelestrateUITests;
			productName = TelestrateUITests;
			productReference = 9C6835611E341BD50043838F /* TelestrateUITests.xctest */;
			productType = "com.apple.product-type.bundle.ui-testing";
		};
/* End PBXNativeTarget section */

/* Begin PBXProject section */
		9C68353A1E341BD50043838F /* Project object */ = {
			isa = PBXProject;
			attributes = {
				LastSwiftUpdateCheck = 0820;
				LastUpgradeCheck = 0820;
				ORGANIZATIONNAME = "Benjamin Ray Walker";
				TargetAttributes = {
					9C6835411E341BD50043838F = {
						CreatedOnToolsVersion = 8.2.1;
						DevelopmentTeam = 2B78NHVGKQ;
						ProvisioningStyle = Automatic;
					};
					9C6835551E341BD50043838F = {
						CreatedOnToolsVersion = 8.2.1;
						DevelopmentTeam = 2B78NHVGKQ;
						ProvisioningStyle = Automatic;
						TestTargetID = 9C6835411E341BD50043838F;
					};
					9C6835601E341BD50043838F = {
						CreatedOnToolsVersion = 8.2.1;
						DevelopmentTeam = 2B78NHVGKQ;
						ProvisioningStyle = Automatic;
						TestTargetID = 9C6835411E341BD50043838F;
					};
				};
			};
			buildConfigurationList = 9C68353D1E341BD50043838F /* Build configuration list for PBXProject "Telestrate" */;
			compatibilityVersion = "Xcode 3.2";
			developmentRegion = English;
			hasScannedForEncodings = 0;
			knownRegions = (
				en,
				Base,
			);
			mainGroup = 9C6835391E341BD50043838F;
			productRefGroup = 9C6835431E341BD50043838F /* Products */;
			projectDirPath = "";
			projectRoot = "";
			targets = (
				9C6835411E341BD50043838F /* Telestrate */,
				9C6835551E341BD50043838F /* TelestrateTests */,
				9C6835601E341BD50043838F /* TelestrateUITests */,
			);
		};
/* End PBXProject section */

/* Begin PBXResourcesBuildPhase section */
		9C6835401E341BD50043838F /* Resources */ = {
			isa = PBXResourcesBuildPhase;
			buildActionMask = 2147483647;
			files = (
				9C6835501E341BD50043838F /* LaunchScreen.storyboard in Resources */,
				9C68354D1E341BD50043838F /* Assets.xcassets in Resources */,
				9C68354B1E341BD50043838F /* Main.storyboard in Resources */,
			);
			runOnlyForDeploymentPostprocessing = 0;
		};
		9C6835541E341BD50043838F /* Resources */ = {
			isa = PBXResourcesBuildPhase;
			buildActionMask = 2147483647;
			files = (
			);
			runOnlyForDeploymentPostprocessing = 0;
		};
		9C68355F1E341BD50043838F /* Resources */ = {
			isa = PBXResourcesBuildPhase;
			buildActionMask = 2147483647;
			files = (
			);
			runOnlyForDeploymentPostprocessing = 0;
		};
/* End PBXResourcesBuildPhase section */

/* Begin PBXSourcesBuildPhase section */
		9C68353E1E341BD50043838F /* Sources */ = {
			isa = PBXSourcesBuildPhase;
			buildActionMask = 2147483647;
			files = (
				9C9F99031E388AA900149E2D /* HostManager.swift in Sources */,
				9C8B04111E37BEED0061A49C /* ConnectionManager.swift in Sources */,
				9C8B040D1E37BAA70061A49C /* HostController.swift in Sources */,
				9C6835481E341BD50043838F /* ViewController.swift in Sources */,
				9C6835461E341BD50043838F /* AppDelegate.swift in Sources */,
				9C8B04151E3862580061A49C /* Settings.swift in Sources */,
				9C9F98FF1E38824700149E2D /* JoinManager.swift in Sources */,
				9C9F98FD1E38767800149E2D /* Backup.swift in Sources */,
				9C8B040F1E37BAF50061A49C /* JoinController.swift in Sources */,
				9C8B04131E37DD800061A49C /* MCPeerID+Reusable.swift in Sources */,
				9C9F99091E388F5200149E2D /* OtherManager.swift in Sources */,
				9C9F99011E3885E300149E2D /* Tools.swift in Sources */,
			);
			runOnlyForDeploymentPostprocessing = 0;
		};
		9C6835521E341BD50043838F /* Sources */ = {
			isa = PBXSourcesBuildPhase;
			buildActionMask = 2147483647;
			files = (
				9C68355B1E341BD50043838F /* TelestrateTests.swift in Sources */,
			);
			runOnlyForDeploymentPostprocessing = 0;
		};
		9C68355D1E341BD50043838F /* Sources */ = {
			isa = PBXSourcesBuildPhase;
			buildActionMask = 2147483647;
			files = (
				9C6835661E341BD50043838F /* TelestrateUITests.swift in Sources */,
			);
			runOnlyForDeploymentPostprocessing = 0;
		};
/* End PBXSourcesBuildPhase section */

/* Begin PBXTargetDependency section */
		9C6835581E341BD50043838F /* PBXTargetDependency */ = {
			isa = PBXTargetDependency;
			target = 9C6835411E341BD50043838F /* Telestrate */;
			targetProxy = 9C6835571E341BD50043838F /* PBXContainerItemProxy */;
		};
		9C6835631E341BD50043838F /* PBXTargetDependency */ = {
			isa = PBXTargetDependency;
			target = 9C6835411E341BD50043838F /* Telestrate */;
			targetProxy = 9C6835621E341BD50043838F /* PBXContainerItemProxy */;
		};
/* End PBXTargetDependency section */

/* Begin PBXVariantGroup section */
		9C6835491E341BD50043838F /* Main.storyboard */ = {
			isa = PBXVariantGroup;
			children = (
				9C68354A1E341BD50043838F /* Base */,
			);
			name = Main.storyboard;
			sourceTree = "<group>";
		};
		9C68354E1E341BD50043838F /* LaunchScreen.storyboard */ = {
			isa = PBXVariantGroup;
			children = (
				9C68354F1E341BD50043838F /* Base */,
			);
			name = LaunchScreen.storyboard;
			sourceTree = "<group>";
		};
/* End PBXVariantGroup section */

/* Begin XCBuildConfiguration section */
		9C6835681E341BD50043838F /* Debug */ = {
			isa = XCBuildConfiguration;
			buildSettings = {
				ALWAYS_SEARCH_USER_PATHS = NO;
				CLANG_ANALYZER_NONNULL = YES;
				CLANG_CXX_LANGUAGE_STANDARD = "gnu++0x";
				CLANG_CXX_LIBRARY = "libc++";
				CLANG_ENABLE_MODULES = YES;
				CLANG_ENABLE_OBJC_ARC = YES;
				CLANG_WARN_BOOL_CONVERSION = YES;
				CLANG_WARN_CONSTANT_CONVERSION = YES;
				CLANG_WARN_DIRECT_OBJC_ISA_USAGE = YES_ERROR;
				CLANG_WARN_DOCUMENTATION_COMMENTS = YES;
				CLANG_WARN_EMPTY_BODY = YES;
				CLANG_WARN_ENUM_CONVERSION = YES;
				CLANG_WARN_INFINITE_RECURSION = YES;
				CLANG_WARN_INT_CONVERSION = YES;
				CLANG_WARN_OBJC_ROOT_CLASS = YES_ERROR;
				CLANG_WARN_SUSPICIOUS_MOVE = YES;
				CLANG_WARN_UNREACHABLE_CODE = YES;
				CLANG_WARN__DUPLICATE_METHOD_MATCH = YES;
				"CODE_SIGN_IDENTITY[sdk=iphoneos*]" = "iPhone Developer";
				COPY_PHASE_STRIP = NO;
				DEBUG_INFORMATION_FORMAT = dwarf;
				ENABLE_STRICT_OBJC_MSGSEND = YES;
				ENABLE_TESTABILITY = YES;
				GCC_C_LANGUAGE_STANDARD = gnu99;
				GCC_DYNAMIC_NO_PIC = NO;
				GCC_NO_COMMON_BLOCKS = YES;
				GCC_OPTIMIZATION_LEVEL = 0;
				GCC_PREPROCESSOR_DEFINITIONS = (
					"DEBUG=1",
					"$(inherited)",
				);
				GCC_WARN_64_TO_32_BIT_CONVERSION = YES;
				GCC_WARN_ABOUT_RETURN_TYPE = YES_ERROR;
				GCC_WARN_UNDECLARED_SELECTOR = YES;
				GCC_WARN_UNINITIALIZED_AUTOS = YES_AGGRESSIVE;
				GCC_WARN_UNUSED_FUNCTION = YES;
				GCC_WARN_UNUSED_VARIABLE = YES;
				IPHONEOS_DEPLOYMENT_TARGET = 10.2;
				MTL_ENABLE_DEBUG_INFO = YES;
				ONLY_ACTIVE_ARCH = YES;
				SDKROOT = iphoneos;
				SWIFT_ACTIVE_COMPILATION_CONDITIONS = DEBUG;
				SWIFT_OPTIMIZATION_LEVEL = "-Onone";
				TARGETED_DEVICE_FAMILY = "1,2";
			};
			name = Debug;
		};
		9C6835691E341BD50043838F /* Release */ = {
			isa = XCBuildConfiguration;
			buildSettings = {
				ALWAYS_SEARCH_USER_PATHS = NO;
				CLANG_ANALYZER_NONNULL = YES;
				CLANG_CXX_LANGUAGE_STANDARD = "gnu++0x";
				CLANG_CXX_LIBRARY = "libc++";
				CLANG_ENABLE_MODULES = YES;
				CLANG_ENABLE_OBJC_ARC = YES;
				CLANG_WARN_BOOL_CONVERSION = YES;
				CLANG_WARN_CONSTANT_CONVERSION = YES;
				CLANG_WARN_DIRECT_OBJC_ISA_USAGE = YES_ERROR;
				CLANG_WARN_DOCUMENTATION_COMMENTS = YES;
				CLANG_WARN_EMPTY_BODY = YES;
				CLANG_WARN_ENUM_CONVERSION = YES;
				CLANG_WARN_INFINITE_RECURSION = YES;
				CLANG_WARN_INT_CONVERSION = YES;
				CLANG_WARN_OBJC_ROOT_CLASS = YES_ERROR;
				CLANG_WARN_SUSPICIOUS_MOVE = YES;
				CLANG_WARN_UNREACHABLE_CODE = YES;
				CLANG_WARN__DUPLICATE_METHOD_MATCH = YES;
				"CODE_SIGN_IDENTITY[sdk=iphoneos*]" = "iPhone Developer";
				COPY_PHASE_STRIP = NO;
				DEBUG_INFORMATION_FORMAT = "dwarf-with-dsym";
				ENABLE_NS_ASSERTIONS = NO;
				ENABLE_STRICT_OBJC_MSGSEND = YES;
				GCC_C_LANGUAGE_STANDARD = gnu99;
				GCC_NO_COMMON_BLOCKS = YES;
				GCC_WARN_64_TO_32_BIT_CONVERSION = YES;
				GCC_WARN_ABOUT_RETURN_TYPE = YES_ERROR;
				GCC_WARN_UNDECLARED_SELECTOR = YES;
				GCC_WARN_UNINITIALIZED_AUTOS = YES_AGGRESSIVE;
				GCC_WARN_UNUSED_FUNCTION = YES;
				GCC_WARN_UNUSED_VARIABLE = YES;
				IPHONEOS_DEPLOYMENT_TARGET = 10.2;
				MTL_ENABLE_DEBUG_INFO = NO;
				SDKROOT = iphoneos;
				SWIFT_OPTIMIZATION_LEVEL = "-Owholemodule";
				TARGETED_DEVICE_FAMILY = "1,2";
				VALIDATE_PRODUCT = YES;
			};
			name = Release;
		};
		9C68356B1E341BD50043838F /* Debug */ = {
			isa = XCBuildConfiguration;
			buildSettings = {
				ASSETCATALOG_COMPILER_APPICON_NAME = AppIcon;
				DEVELOPMENT_TEAM = 2B78NHVGKQ;
				INFOPLIST_FILE = Telestrate/Info.plist;
				LD_RUNPATH_SEARCH_PATHS = "$(inherited) @executable_path/Frameworks";
				PRODUCT_BUNDLE_IDENTIFIER = com.benjaminraywalker.apps.Telestrate;
				PRODUCT_NAME = "$(TARGET_NAME)";
				SWIFT_VERSION = 3.0;
			};
			name = Debug;
		};
		9C68356C1E341BD50043838F /* Release */ = {
			isa = XCBuildConfiguration;
			buildSettings = {
				ASSETCATALOG_COMPILER_APPICON_NAME = AppIcon;
				DEVELOPMENT_TEAM = 2B78NHVGKQ;
				INFOPLIST_FILE = Telestrate/Info.plist;
				LD_RUNPATH_SEARCH_PATHS = "$(inherited) @executable_path/Frameworks";
				PRODUCT_BUNDLE_IDENTIFIER = com.benjaminraywalker.apps.Telestrate;
				PRODUCT_NAME = "$(TARGET_NAME)";
				SWIFT_VERSION = 3.0;
			};
			name = Release;
		};
		9C68356E1E341BD50043838F /* Debug */ = {
			isa = XCBuildConfiguration;
			buildSettings = {
				ALWAYS_EMBED_SWIFT_STANDARD_LIBRARIES = YES;
				BUNDLE_LOADER = "$(TEST_HOST)";
				DEVELOPMENT_TEAM = 2B78NHVGKQ;
				INFOPLIST_FILE = TelestrateTests/Info.plist;
				LD_RUNPATH_SEARCH_PATHS = "$(inherited) @executable_path/Frameworks @loader_path/Frameworks";
				PRODUCT_BUNDLE_IDENTIFIER = com.benjaminraywalker.apps.TelestrateTests;
				PRODUCT_NAME = "$(TARGET_NAME)";
				SWIFT_VERSION = 3.0;
				TEST_HOST = "$(BUILT_PRODUCTS_DIR)/Telestrate.app/Telestrate";
			};
			name = Debug;
		};
		9C68356F1E341BD50043838F /* Release */ = {
			isa = XCBuildConfiguration;
			buildSettings = {
				ALWAYS_EMBED_SWIFT_STANDARD_LIBRARIES = YES;
				BUNDLE_LOADER = "$(TEST_HOST)";
				DEVELOPMENT_TEAM = 2B78NHVGKQ;
				INFOPLIST_FILE = TelestrateTests/Info.plist;
				LD_RUNPATH_SEARCH_PATHS = "$(inherited) @executable_path/Frameworks @loader_path/Frameworks";
				PRODUCT_BUNDLE_IDENTIFIER = com.benjaminraywalker.apps.TelestrateTests;
				PRODUCT_NAME = "$(TARGET_NAME)";
				SWIFT_VERSION = 3.0;
				TEST_HOST = "$(BUILT_PRODUCTS_DIR)/Telestrate.app/Telestrate";
			};
			name = Release;
		};
		9C6835711E341BD50043838F /* Debug */ = {
			isa = XCBuildConfiguration;
			buildSettings = {
				ALWAYS_EMBED_SWIFT_STANDARD_LIBRARIES = YES;
				DEVELOPMENT_TEAM = 2B78NHVGKQ;
				INFOPLIST_FILE = TelestrateUITests/Info.plist;
				LD_RUNPATH_SEARCH_PATHS = "$(inherited) @executable_path/Frameworks @loader_path/Frameworks";
				PRODUCT_BUNDLE_IDENTIFIER = com.benjaminraywalker.apps.TelestrateUITests;
				PRODUCT_NAME = "$(TARGET_NAME)";
				SWIFT_VERSION = 3.0;
				TEST_TARGET_NAME = Telestrate;
			};
			name = Debug;
		};
		9C6835721E341BD50043838F /* Release */ = {
			isa = XCBuildConfiguration;
			buildSettings = {
				ALWAYS_EMBED_SWIFT_STANDARD_LIBRARIES = YES;
				DEVELOPMENT_TEAM = 2B78NHVGKQ;
				INFOPLIST_FILE = TelestrateUITests/Info.plist;
				LD_RUNPATH_SEARCH_PATHS = "$(inherited) @executable_path/Frameworks @loader_path/Frameworks";
				PRODUCT_BUNDLE_IDENTIFIER = com.benjaminraywalker.apps.TelestrateUITests;
				PRODUCT_NAME = "$(TARGET_NAME)";
				SWIFT_VERSION = 3.0;
				TEST_TARGET_NAME = Telestrate;
			};
			name = Release;
		};
/* End XCBuildConfiguration section */

/* Begin XCConfigurationList section */
		9C68353D1E341BD50043838F /* Build configuration list for PBXProject "Telestrate" */ = {
			isa = XCConfigurationList;
			buildConfigurations = (
				9C6835681E341BD50043838F /* Debug */,
				9C6835691E341BD50043838F /* Release */,
			);
			defaultConfigurationIsVisible = 0;
			defaultConfigurationName = Release;
		};
		9C68356A1E341BD50043838F /* Build configuration list for PBXNativeTarget "Telestrate" */ = {
			isa = XCConfigurationList;
			buildConfigurations = (
				9C68356B1E341BD50043838F /* Debug */,
				9C68356C1E341BD50043838F /* Release */,
			);
			defaultConfigurationIsVisible = 0;
			defaultConfigurationName = Release;
		};
		9C68356D1E341BD50043838F /* Build configuration list for PBXNativeTarget "TelestrateTests" */ = {
			isa = XCConfigurationList;
			buildConfigurations = (
				9C68356E1E341BD50043838F /* Debug */,
				9C68356F1E341BD50043838F /* Release */,
			);
			defaultConfigurationIsVisible = 0;
			defaultConfigurationName = Release;
		};
		9C6835701E341BD50043838F /* Build configuration list for PBXNativeTarget "TelestrateUITests" */ = {
			isa = XCConfigurationList;
			buildConfigurations = (
				9C6835711E341BD50043838F /* Debug */,
				9C6835721E341BD50043838F /* Release */,
			);
			defaultConfigurationIsVisible = 0;
			defaultConfigurationName = Release;
		};
/* End XCConfigurationList section */
	};
	rootObject = 9C68353A1E341BD50043838F /* Project object */;
}
